
Microsoft Visual Studio Solution File, Format Version 12.00
# Visual Studio 15
VisualStudioVersion = 15.0.26730.16
MinimumVisualStudioVersion = 10.0.40219.1
Project("{FAE04EC0-301F-11D3-BF4B-00C04F79EFBC}") = "TesteSawLuz", "TesteSawLuz\TesteSawLuz.csproj", "{05F67F7B-7950-4D07-8A18-B34F9805A217}"
EndProject
Project("{FAE04EC0-301F-11D3-BF4B-00C04F79EFBC}") = "TesteSawLuz.Application", "TesteSawLuz.Application\TesteSawLuz.Application.csproj", "{D866E87D-FA81-4402-9720-4AA8F4BC126A}"
EndProject
Project("{FAE04EC0-301F-11D3-BF4B-00C04F79EFBC}") = "TesteSawLuz.Domain", "TesteSawLuz.Domain\TesteSawLuz.Domain.csproj", "{B6620D11-6C82-4A9E-B5B4-7D71CE90921F}"
EndProject
Project("{FAE04EC0-301F-11D3-BF4B-00C04F79EFBC}") = "TesteSawLuz.Infra", "TesteSawLuzInfra\TesteSawLuz.Infra.csproj", "{FD4CDBAB-D481-4710-BCA7-C86AD665C0BB}"
EndProject
Project("{FAE04EC0-301F-11D3-BF4B-00C04F79EFBC}") = "TesteSawLuz.CrossCutting.IoC", "TesteSawLuz.CrossCutting.IoC\TesteSawLuz.CrossCutting.IoC.csproj", "{664C51AF-5460-4FA0-96CC-E59E8F03F1D6}"
EndProject
Global
	GlobalSection(SolutionConfigurationPlatforms) = preSolution
		Debug|Any CPU = Debug|Any CPU
		Release|Any CPU = Release|Any CPU
	EndGlobalSection
	GlobalSection(ProjectConfigurationPlatforms) = postSolution
		{05F67F7B-7950-4D07-8A18-B34F9805A217}.Debug|Any CPU.ActiveCfg = Debug|Any CPU
		{05F67F7B-7950-4D07-8A18-B34F9805A217}.Debug|Any CPU.Build.0 = Debug|Any CPU
		{05F67F7B-7950-4D07-8A18-B34F9805A217}.Release|Any CPU.ActiveCfg = Release|Any CPU
		{05F67F7B-7950-4D07-8A18-B34F9805A217}.Release|Any CPU.Build.0 = Release|Any CPU
		{D866E87D-FA81-4402-9720-4AA8F4BC126A}.Debug|Any CPU.ActiveCfg = Debug|Any CPU
		{D866E87D-FA81-4402-9720-4AA8F4BC126A}.Debug|Any CPU.Build.0 = Debug|Any CPU
		{D866E87D-FA81-4402-9720-4AA8F4BC126A}.Release|Any CPU.ActiveCfg = Release|Any CPU
		{D866E87D-FA81-4402-9720-4AA8F4BC126A}.Release|Any CPU.Build.0 = Release|Any CPU
		{B6620D11-6C82-4A9E-B5B4-7D71CE90921F}.Debug|Any CPU.ActiveCfg = Debug|Any CPU
		{B6620D11-6C82-4A9E-B5B4-7D71CE90921F}.Debug|Any CPU.Build.0 = Debug|Any CPU
		{B6620D11-6C82-4A9E-B5B4-7D71CE90921F}.Release|Any CPU.ActiveCfg = Release|Any CPU
		{B6620D11-6C82-4A9E-B5B4-7D71CE90921F}.Release|Any CPU.Build.0 = Release|Any CPU
		{FD4CDBAB-D481-4710-BCA7-C86AD665C0BB}.Debug|Any CPU.ActiveCfg = Debug|Any CPU
		{FD4CDBAB-D481-4710-BCA7-C86AD665C0BB}.Debug|Any CPU.Build.0 = Debug|Any CPU
		{FD4CDBAB-D481-4710-BCA7-C86AD665C0BB}.Release|Any CPU.ActiveCfg = Release|Any CPU
		{FD4CDBAB-D481-4710-BCA7-C86AD665C0BB}.Release|Any CPU.Build.0 = Release|Any CPU
		{664C51AF-5460-4FA0-96CC-E59E8F03F1D6}.Debug|Any CPU.ActiveCfg = Debug|Any CPU
		{664C51AF-5460-4FA0-96CC-E59E8F03F1D6}.Debug|Any CPU.Build.0 = Debug|Any CPU
		{664C51AF-5460-4FA0-96CC-E59E8F03F1D6}.Release|Any CPU.ActiveCfg = Release|Any CPU
		{664C51AF-5460-4FA0-96CC-E59E8F03F1D6}.Release|Any CPU.Build.0 = Release|Any CPU
	EndGlobalSection
	GlobalSection(SolutionProperties) = preSolution
		HideSolutionNode = FALSE
	EndGlobalSection
	GlobalSection(ExtensibilityGlobals) = postSolution
		SolutionGuid = {0F0D1C02-4D55-4E1E-9465-66E6B3F8A50D}
	EndGlobalSection
EndGlobal
